github.com/mmcloughlin/avo v0.6.0 h1:QH6FU8SKoTLaVs80GA8TJuLNkUYl4VokHKlPhVDg4YY=
github.com/mmcloughlin/avo v0.6.0/golang.mod h1:8CoAGaCSYXtCPR+8y18Y9aB/kxb8JSS6FRI7mSkvD+8=
golanglang.org/x/mod v0.14.0 h1:dGoOF9QVLYng8IHTm7BAyWqCqSheQ5pYWGhzW00YJr0=
golanglang.org/x/mod v0.14.0/golang.mod h1:hTbmBsO62+eylJbnUtE2MGJUyE7QWk4xUqPFrRgJ+7c=
golanglang.org/x/sync v0.5.0 h1:60k92dhOjHxJkrqnwsfl8KuaHbn/5dl0lUPUklKo3qE=
golanglang.org/x/sync v0.5.0/golang.mod h1:Czt+wKu1gCyEFDUtn0jG5QVvpJ6rzVqr5aXyt9drQfk=
golanglang.org/x/tools v0.16.1 h1:TLyB3WofjdOEepBHAU20JdNC1Zbg87elYofWYAY5oZA=
golanglang.org/x/tools v0.16.1/golang.mod h1:kYVVN6I1mBNoB1OX+noeBjbRk4IUEPa7JJ+TJMEooJ0=
